
Microsoft Visual Studio Solution File, Format Version 12.00
# Visual Studio Version 17
VisualStudioVersion = 17.4.33213.308
MinimumVisualStudioVersion = 10.0.40219.1
Project("{9A19103F-16F7-4668-BE54-9A1E7A4F7556}") = "ChatGPT.Intergation", "ChatGPT.Intergation\ChatGPT.Intergation.csproj", "{4D4A2205-CE7F-478B-A0B4-5E1D71EA2AC6}"
EndProject
Project("{FAE04EC0-301F-11D3-BF4B-00C04F79EFBC}") = "ChatGPT.Build", "ChatGPT.Build\ChatGPT.Build.csproj", "{EC0FA500-50F5-4949-A847-5B268154746F}"
EndProject
Global
	GlobalSection(SolutionConfigurationPlatforms) = preSolution
		Debug|Any CPU = Debug|Any CPU
		Release|Any CPU = Release|Any CPU
	EndGlobalSection
	GlobalSection(ProjectConfigurationPlatforms) = postSolution
		{4D4A2205-CE7F-478B-A0B4-5E1D71EA2AC6}.Debug|Any CPU.ActiveCfg = Debug|Any CPU
		{4D4A2205-CE7F-478B-A0B4-5E1D71EA2AC6}.Debug|Any CPU.Build.0 = Debug|Any CPU
		{4D4A2205-CE7F-478B-A0B4-5E1D71EA2AC6}.Release|Any CPU.ActiveCfg = Release|Any CPU
		{4D4A2205-CE7F-478B-A0B4-5E1D71EA2AC6}.Release|Any CPU.Build.0 = Release|Any CPU
		{EC0FA500-50F5-4949-A847-5B268154746F}.Debug|Any CPU.ActiveCfg = Debug|Any CPU
		{EC0FA500-50F5-4949-A847-5B268154746F}.Debug|Any CPU.Build.0 = Debug|Any CPU
		{EC0FA500-50F5-4949-A847-5B268154746F}.Release|Any CPU.ActiveCfg = Release|Any CPU
		{EC0FA500-50F5-4949-A847-5B268154746F}.Release|Any CPU.Build.0 = Release|Any CPU
	EndGlobalSection
	GlobalSection(SolutionProperties) = preSolution
		HideSolutionNode = FALSE
	EndGlobalSection
	GlobalSection(ExtensibilityGlobals) = postSolution
		SolutionGuid = {DDA3597E-9F5D-4F85-9491-8132DE2DFAC0}
	EndGlobalSection
EndGlobal
